# THIS IS AN AUTOGENERATED FILE. DO NOT EDIT THIS FILE DIRECTLY.
# yarn lockfile v1


"@sinclair/typebox@^0.25.21", "@sinclair/typebox@^0.25.24":
  version "0.25.24"
  resolved "https://registry.yarnpkg.com/@sinclair/typebox/-/typebox-0.25.24.tgz#8c7688559979f7079aacaf31aa881c3aa410b718"
  integrity sha512-XJfwUVUKDHF5ugKwIcxEgc9k8b7HbznCp6eUfWgu710hMPNIO4aw4/zB5RogDQz8nd6gyCDpU9O/m6qYEWY6yQ==

bun-types@^0.5.0:
  version "0.5.8"
  resolved "https://registry.yarnpkg.com/bun-types/-/bun-types-0.5.8.tgz#953722062116e0b87ce00e4e4cc807673926b834"
  integrity sha512-VHwD0MAHo3wraYAeqTWH2NDmXOdGfC3wWWOnZvK93ytI6yq/LkgsCjDudWNmN7MlfPvJb2zoLMnkzhjxNwLsLw==

elysia@^0.2.9:
  version "0.2.9"
  resolved "https://registry.yarnpkg.com/elysia/-/elysia-0.2.9.tgz#c4462ee6a75ed56ff944a34b3a9d6ceb08dcbe98"
  integrity sha512-gaQyLrkCP9gUNQu4w+RvcziIMRPmOYW9PIjsWE0bfOCgKpYs7KwW0SZgmTRGS+JcSRavXEACpzQGPrium0g+jA==
  dependencies:
    "@sinclair/typebox" "^0.25.21"
    openapi-types "^12.1.0"
    raikiri "^0.0.0-beta.5"

http-status-codes@^2.2.0:
  version "2.2.0"
  resolved "https://registry.yarnpkg.com/http-status-codes/-/http-status-codes-2.2.0.tgz#bb2efe63d941dfc2be18e15f703da525169622be"
  integrity sha512-feERVo9iWxvnejp3SEfm/+oNG517npqL2/PIA8ORjyOZjGC7TwCRQsZylciLS64i6pJ0wRYz3rkXLRwbtFa8Ng==

openapi-types@^12.1.0:
  version "12.1.0"
  resolved "https://registry.yarnpkg.com/openapi-types/-/openapi-types-12.1.0.tgz#bd01acc937b73c9f6db2ac2031bf0231e21ebff0"
  integrity sha512-XpeCy01X6L5EpP+6Hc3jWN7rMZJ+/k1lwki/kTmWzbVhdPie3jd5O2ZtedEx8Yp58icJ0osVldLMrTB/zslQXA==

raikiri@^0.0.0-beta.5:
  version "0.0.0-beta.8"
  resolved "https://registry.yarnpkg.com/raikiri/-/raikiri-0.0.0-beta.8.tgz#c37cae80ad3d9133f22d1418661226b8975cb05b"
  integrity sha512-cH/yfvkiGkN8IBB2MkRHikpPurTnd2sMkQ/xtGpXrp3O76P4ppcWPb+86mJaBDzKaclLnSX+9NnT79D7ifH4/w==
